
Microsoft Visual Studio Solution File, Format Version 12.00
# Visual Studio Version 16
VisualStudioVersion = 16.0.29519.87
MinimumVisualStudioVersion = 10.0.40219.1
Project("{FAE04EC0-301F-11D3-BF4B-00C04F79EFBC}") = "NoSussyExe", "NoSussyExe.csproj", "{6BE67FA2-5B6D-456A-B218-01780A748C32}"
EndProject
Global
	GlobalSection(SolutionConfigurationPlatforms) = preSolution
		Debug|Any CPU = Debug|Any CPU
		Release|Any CPU = Release|Any CPU
	EndGlobalSection
	GlobalSection(ProjectConfigurationPlatforms) = postSolution
		{6BE67FA2-5B6D-456A-B218-01780A748C32}.Debug|Any CPU.ActiveCfg = Debug|Any CPU
		{6BE67FA2-5B6D-456A-B218-01780A748C32}.Debug|Any CPU.Build.0 = Debug|Any CPU
		{6BE67FA2-5B6D-456A-B218-01780A748C32}.Release|Any CPU.ActiveCfg = Release|Any CPU
		{6BE67FA2-5B6D-456A-B218-01780A748C32}.Release|Any CPU.Build.0 = Release|Any CPU
	EndGlobalSection
	GlobalSection(SolutionProperties) = preSolution
		HideSolutionNode = FALSE
	EndGlobalSection
	GlobalSection(ExtensibilityGlobals) = postSolution
		SolutionGuid = {4520647C-E427-42C7-B139-C044D97D385A}
	EndGlobalSection
EndGlobal
